Microsoft Visual Studio Solution File, Format Version 12.00
# Visual Studio Version 17
VisualStudioVersion = 17.4.33103.184
MinimumVisualStudioVersion = 10.0.40219.1
Project("{FAE04EC0-301F-11D3-BF4B-00C04F79EFBC}") = "OfficeLib", "OfficeLib.csproj", "{CB301CEA-961E-46D8-A7FD-5A9BAC7D41DF}"
EndProject
Project("{9A19103F-16F7-4668-BE54-9A1E7A4F7556}") = "ImportStudentV2", "..\ImportStudentV2\ImportStudentV2.csproj", "{71CFB1E1-BAFB-4366-9275-77C8B0585093}"
EndProject
Project("{9A19103F-16F7-4668-BE54-9A1E7A4F7556}") = "GeneratorDiplom", "..\GeneratorDiplom\GeneratorDiplom.csproj", "{A3F8C6D1-7E84-4C26-8284-2D4E51522A4D}"
EndProject
Global
	GlobalSection(SolutionConfigurationPlatforms) = preSolution
		Debug|Any CPU = Debug|Any CPU
		Release|Any CPU = Release|Any CPU
	EndGlobalSection
	GlobalSection(ProjectConfigurationPlatforms) = postSolution
		{CB301CEA-961E-46D8-A7FD-5A9BAC7D41DF}.Debug|Any CPU.ActiveCfg = Debug|Any CPU
		{CB301CEA-961E-46D8-A7FD-5A9BAC7D41DF}.Debug|Any CPU.Build.0 = Debug|Any CPU
		{CB301CEA-961E-46D8-A7FD-5A9BAC7D41DF}.Release|Any CPU.ActiveCfg = Release|Any CPU
		{CB301CEA-961E-46D8-A7FD-5A9BAC7D41DF}.Release|Any CPU.Build.0 = Release|Any CPU
		{71CFB1E1-BAFB-4366-9275-77C8B0585093}.Debug|Any CPU.ActiveCfg = Debug|Any CPU
		{71CFB1E1-BAFB-4366-9275-77C8B0585093}.Debug|Any CPU.Build.0 = Debug|Any CPU
		{71CFB1E1-BAFB-4366-9275-77C8B0585093}.Release|Any CPU.ActiveCfg = Release|Any CPU
		{71CFB1E1-BAFB-4366-9275-77C8B0585093}.Release|Any CPU.Build.0 = Release|Any CPU
		{A3F8C6D1-7E84-4C26-8284-2D4E51522A4D}.Debug|Any CPU.ActiveCfg = Debug|Any CPU
		{A3F8C6D1-7E84-4C26-8284-2D4E51522A4D}.Debug|Any CPU.Build.0 = Debug|Any CPU
		{A3F8C6D1-7E84-4C26-8284-2D4E51522A4D}.Release|Any CPU.ActiveCfg = Release|Any CPU
		{A3F8C6D1-7E84-4C26-8284-2D4E51522A4D}.Release|Any CPU.Build.0 = Release|Any CPU
	EndGlobalSection
	GlobalSection(SolutionProperties) = preSolution
		HideSolutionNode = FALSE
	EndGlobalSection
	GlobalSection(ExtensibilityGlobals) = postSolution
		SolutionGuid = {0369FF45-BFEE-4B2E-953C-181BF925ADAA}
	EndGlobalSection
EndGlobal
